<?xml version="1.0" encoding="utf-8"?>
<Project ToolsVersion="4.0" xmlns="http://schemas.microsoft.com/developer/msbuild/2003">
  <ItemGroup>
    <Filter Include="Core">
      <UniqueIdentifier>{a1111111-1111-1111-1111-111111111111}</UniqueIdentifier>
    </Filter>
    <Filter Include="Platform">
      <UniqueIdentifier>{a2222222-2222-2222-2222-222222222222}</UniqueIdentifier>
    </Filter>
    <Filter Include="RHI">
      <UniqueIdentifier>{a3333333-3333-3333-3333-333333333333}</UniqueIdentifier>
    </Filter>
    <Filter Include="RHI\D3D12">
      <UniqueIdentifier>{a4444444-4444-4444-4444-444444444444}</UniqueIdentifier>
    </Filter>
  </ItemGroup>
  <ItemGroup>
    <ClInclude Include="Core\Types.h">
      <Filter>Core</Filter>
    </ClInclude>
    <ClInclude Include="Core\Log.h">
      <Filter>Core</Filter>
    </ClInclude>
    <ClInclude Include="Core\Assert.h">
      <Filter>Core</Filter>
    </ClInclude>
    <ClInclude Include="Core\Math.h">
      <Filter>Core</Filter>
    </ClInclude>
    <ClInclude Include="Core\FileIO.h">
      <Filter>Core</Filter>
    </ClInclude>
    <ClInclude Include="Platform\Window.h">
      <Filter>Platform</Filter>
    </ClInclude>
    <ClInclude Include="Platform\FrameTimer.h">
      <Filter>Platform</Filter>
    </ClInclude>
    <ClInclude Include="Platform\Application.h">
      <Filter>Platform</Filter>
    </ClInclude>
    <ClInclude Include="RHI\D3D12\D3D12Common.h">
      <Filter>RHI\D3D12</Filter>
    </ClInclude>
    <ClInclude Include="RHI\D3D12\D3D12Device.h">
      <Filter>RHI\D3D12</Filter>
    </ClInclude>
    <ClInclude Include="RHI\D3D12\D3D12CommandQueue.h">
      <Filter>RHI\D3D12</Filter>
    </ClInclude>
    <ClInclude Include="RHI\D3D12\D3D12SwapChain.h">
      <Filter>RHI\D3D12</Filter>
    </ClInclude>
    <ClInclude Include="RHI\D3D12\D3D12Renderer.h">
      <Filter>RHI\D3D12</Filter>
    </ClInclude>
  </ItemGroup>
  <ItemGroup>
    <ClCompile Include="Core\Log.cpp">
      <Filter>Core</Filter>
    </ClCompile>
    <ClCompile Include="Core\FileIO.cpp">
      <Filter>Core</Filter>
    </ClCompile>
    <ClCompile Include="Platform\Window.cpp">
      <Filter>Platform</Filter>
    </ClCompile>
    <ClCompile Include="Platform\FrameTimer.cpp">
      <Filter>Platform</Filter>
    </ClCompile>
    <ClCompile Include="Platform\Application.cpp">
      <Filter>Platform</Filter>
    </ClCompile>
    <ClCompile Include="RHI\D3D12\D3D12Device.cpp">
      <Filter>RHI\D3D12</Filter>
    </ClCompile>
    <ClCompile Include="RHI\D3D12\D3D12CommandQueue.cpp">
      <Filter>RHI\D3D12</Filter>
    </ClCompile>
    <ClCompile Include="RHI\D3D12\D3D12SwapChain.cpp">
      <Filter>RHI\D3D12</Filter>
    </ClCompile>
    <ClCompile Include="RHI\D3D12\D3D12Renderer.cpp">
      <Filter>RHI\D3D12</Filter>
    </ClCompile>
  </ItemGroup>
</Project>
